lockfileVersion: '9.0'

settings:
  autoInstallPeers: true
  excludeLinksFromLockfile: false

importers:

  .:
    dependencies:
      dotenv:
        specifier: ^16.5.0
        version: 16.5.0
      keycloak-js:
        specifier: ^26.2.0
        version: 26.2.0

packages:

  dotenv@16.5.0:
    resolution: {integrity: sha512-m/C+AwOAr9/W1UOIZUo232ejMNnJAJtYQjUbHoNTBNTJSvqzzDh7vnrei3o3r3m9blf6ZoDkvcw0VmozNRFJxg==}
    engines: {node: '>=12'}

  keycloak-js@26.2.0:
    resolution: {integrity: sha512-CrFcXTN+d6J0V/1v3Zpioys6qHNWE6yUzVVIsCUAmFn9H14GZ0vuYod+lt+SSpMgWGPuneDZBSGBAeLBFuqjsw==}

snapshots:

  dotenv@16.5.0: {}

  keycloak-js@26.2.0: {}
